
Microsoft Visual Studio Solution File, Format Version 12.00
# Visual Studio 2013
VisualStudioVersion = 12.0.31101.0
MinimumVisualStudioVersion = 10.0.40219.1
Project("{FAE04EC0-301F-11D3-BF4B-00C04F79EFBC}") = "DevAccess", "DevAccess\DevAccess.csproj", "{C5F63C04-3B10-4FA9-96CA-226C4D405583}"
EndProject
Project("{FAE04EC0-301F-11D3-BF4B-00C04F79EFBC}") = "DevInterface", "DevInterface\DevInterface.csproj", "{AE429508-4CB7-499E-88F0-C939496E7BEA}"
EndProject
Global
	GlobalSection(SolutionConfigurationPlatforms) = preSolution
		Debug|Any CPU = Debug|Any CPU
		Debug|x64 = Debug|x64
		Debug|x86 = Debug|x86
		Release|Any CPU = Release|Any CPU
		Release|x64 = Release|x64
		Release|x86 = Release|x86
	EndGlobalSection
	GlobalSection(ProjectConfigurationPlatforms) = postSolution
		{C5F63C04-3B10-4FA9-96CA-226C4D405583}.Debug|Any CPU.ActiveCfg = Debug|Any CPU
		{C5F63C04-3B10-4FA9-96CA-226C4D405583}.Debug|Any CPU.Build.0 = Debug|Any CPU
		{C5F63C04-3B10-4FA9-96CA-226C4D405583}.Debug|x64.ActiveCfg = Debug|x64
		{C5F63C04-3B10-4FA9-96CA-226C4D405583}.Debug|x64.Build.0 = Debug|x64
		{C5F63C04-3B10-4FA9-96CA-226C4D405583}.Debug|x86.ActiveCfg = Debug|x86
		{C5F63C04-3B10-4FA9-96CA-226C4D405583}.Debug|x86.Build.0 = Debug|x86
		{C5F63C04-3B10-4FA9-96CA-226C4D405583}.Release|Any CPU.ActiveCfg = Release|Any CPU
		{C5F63C04-3B10-4FA9-96CA-226C4D405583}.Release|Any CPU.Build.0 = Release|Any CPU
		{C5F63C04-3B10-4FA9-96CA-226C4D405583}.Release|x64.ActiveCfg = Release|x64
		{C5F63C04-3B10-4FA9-96CA-226C4D405583}.Release|x64.Build.0 = Release|x64
		{C5F63C04-3B10-4FA9-96CA-226C4D405583}.Release|x86.ActiveCfg = Release|x86
		{C5F63C04-3B10-4FA9-96CA-226C4D405583}.Release|x86.Build.0 = Release|x86
		{AE429508-4CB7-499E-88F0-C939496E7BEA}.Debug|Any CPU.ActiveCfg = Debug|Any CPU
		{AE429508-4CB7-499E-88F0-C939496E7BEA}.Debug|Any CPU.Build.0 = Debug|Any CPU
		{AE429508-4CB7-499E-88F0-C939496E7BEA}.Debug|x64.ActiveCfg = Debug|Any CPU
		{AE429508-4CB7-499E-88F0-C939496E7BEA}.Debug|x86.ActiveCfg = Debug|x86
		{AE429508-4CB7-499E-88F0-C939496E7BEA}.Debug|x86.Build.0 = Debug|x86
		{AE429508-4CB7-499E-88F0-C939496E7BEA}.Release|Any CPU.ActiveCfg = Release|Any CPU
		{AE429508-4CB7-499E-88F0-C939496E7BEA}.Release|Any CPU.Build.0 = Release|Any CPU
		{AE429508-4CB7-499E-88F0-C939496E7BEA}.Release|x64.ActiveCfg = Release|Any CPU
		{AE429508-4CB7-499E-88F0-C939496E7BEA}.Release|x86.ActiveCfg = Release|x86
		{AE429508-4CB7-499E-88F0-C939496E7BEA}.Release|x86.Build.0 = Release|x86
	EndGlobalSection
	GlobalSection(SolutionProperties) = preSolution
		HideSolutionNode = FALSE
	EndGlobalSection
EndGlobal
