
Microsoft Visual Studio Solution File, Format Version 12.00
# Visual Studio 2013
VisualStudioVersion = 12.0.21005.1
MinimumVisualStudioVersion = 10.0.40219.1
Project("{FAE04EC0-301F-11D3-BF4B-00C04F79EFBC}") = "MingmeiMES", "CommonPLctl\MingmeiMES.csproj", "{F7DABB91-B849-48BD-B2CF-0CFFFEBC1478}"
	ProjectSection(ProjectDependencies) = postProject
		{310C4723-1EDD-40C3-9426-F9BE88234BEE} = {310C4723-1EDD-40C3-9426-F9BE88234BEE}
	EndProjectSection
EndProject
Project("{FAE04EC0-301F-11D3-BF4B-00C04F79EFBC}") = "PLProcessModel", "PLProcessModel\PLProcessModel.csproj", "{178D26DF-C682-42D8-AEAB-C816111B69C6}"
EndProject
Project("{FAE04EC0-301F-11D3-BF4B-00C04F79EFBC}") = "DBAccess", "FTDataAccess\DBAccess.csproj", "{7031E95A-CBB5-44AE-AA9A-80211309981F}"
EndProject
Project("{FAE04EC0-301F-11D3-BF4B-00C04F79EFBC}") = "ModuleCrossPnP", "ModuleAttachInterface\ModuleCrossPnP.csproj", "{8EBCDA91-8A16-46FA-84BD-784982F9EAC8}"
EndProject
Project("{2150E333-8FDC-42A3-9474-1A3956D46DE8}") = "日志模块", "日志模块", "{6CA4705D-FB56-4374-9E7E-89CE407FB64E}"
EndProject
Project("{FAE04EC0-301F-11D3-BF4B-00C04F79EFBC}") = "LogManage", "日志模块\LogManage\LogManage.csproj", "{F7B5E062-39A2-49A7-9233-21150F3DFB09}"
EndProject
Project("{FAE04EC0-301F-11D3-BF4B-00C04F79EFBC}") = "LogInterface", "日志模块\LogInterface\LogInterface.csproj", "{F929E2C2-43ED-4D7E-8426-356B0EC3C540}"
EndProject
Project("{FAE04EC0-301F-11D3-BF4B-00C04F79EFBC}") = "ProductRecordView", "日志模块\ProductRecordView\ProductRecordView.csproj", "{7324889C-E198-4959-903A-4D183C356CB3}"
EndProject
Project("{2150E333-8FDC-42A3-9474-1A3956D46DE8}") = "配置管理", "配置管理", "{C76E6702-0560-446D-9F27-3CC1779BFFE0}"
EndProject
Project("{FAE04EC0-301F-11D3-BF4B-00C04F79EFBC}") = "ConfigManage", "配置管理\ConfigManage\ConfigManage.csproj", "{856AF4D3-DEC4-4650-B010-B0030CDDA560}"
EndProject
Project("{FAE04EC0-301F-11D3-BF4B-00C04F79EFBC}") = "PLMonitor", "LineNodes1\PLMonitor.csproj", "{2C9E7C14-1ED2-440D-ABF4-DB6052010180}"
	ProjectSection(ProjectDependencies) = postProject
		{310C4723-1EDD-40C3-9426-F9BE88234BEE} = {310C4723-1EDD-40C3-9426-F9BE88234BEE}
	EndProjectSection
EndProject
Project("{FAE04EC0-301F-11D3-BF4B-00C04F79EFBC}") = "ME-CCDCommTest", "ME-CCDCommTest\ME-CCDCommTest.csproj", "{2E5CE4D5-544D-4753-B174-30D5E9CBEE11}"
EndProject
Project("{2150E333-8FDC-42A3-9474-1A3956D46DE8}") = "用户控件", "用户控件", "{3ED1E968-AE5F-44C9-AA7E-8BF3674022C0}"
EndProject
Project("{FAE04EC0-301F-11D3-BF4B-00C04F79EFBC}") = "GDICommon", "用户控件\GDICommon\GDICommon.csproj", "{79C23904-66CA-4595-89C1-24F14A168AE9}"
EndProject
Project("{FAE04EC0-301F-11D3-BF4B-00C04F79EFBC}") = "SuperTextEdit", "用户控件\SuperTextEdit\SuperTextEdit.csproj", "{959120C3-FA54-4264-A45E-C4058150216A}"
EndProject
Project("{FAE04EC0-301F-11D3-BF4B-00C04F79EFBC}") = "WarningRoll", "用户控件\WarningRoll\WarningRoll.csproj", "{11446B2D-A154-4C50-834F-C064070FEE14}"
EndProject
Project("{FAE04EC0-301F-11D3-BF4B-00C04F79EFBC}") = "LicenceManager", "LicenceManager\LicenceManager.csproj", "{785AA2AA-CC7E-408B-B61C-2DFB906D1797}"
EndProject
Project("{FAE04EC0-301F-11D3-BF4B-00C04F79EFBC}") = "CreateKey", "CreateKey\CreateKey.csproj", "{F87116B4-1B95-408B-8506-709C92F7B650}"
EndProject
Project("{FAE04EC0-301F-11D3-BF4B-00C04F79EFBC}") = "MTDBAccess", "MTDBAccess\MTDBAccess.csproj", "{BBF54E56-B32D-4423-992B-0E0325FC1E6D}"
EndProject
Project("{FAE04EC0-301F-11D3-BF4B-00C04F79EFBC}") = "DCIRDBAccess", "DCIRDBAccess\DCIRDBAccess.csproj", "{310C4723-1EDD-40C3-9426-F9BE88234BEE}"
EndProject
Project("{2150E333-8FDC-42A3-9474-1A3956D46DE8}") = "对外系统对接", "对外系统对接", "{AEE78325-6978-48D3-AD4E-07AA26E82652}"
EndProject
Project("{FAE04EC0-301F-11D3-BF4B-00C04F79EFBC}") = "DevAccess", "设备及外部系统对接\DevAccess\DevAccess.csproj", "{C5F63C04-3B10-4FA9-96CA-226C4D405583}"
EndProject
Project("{FAE04EC0-301F-11D3-BF4B-00C04F79EFBC}") = "DevInterface", "设备及外部系统对接\DevInterface\DevInterface.csproj", "{AE429508-4CB7-499E-88F0-C939496E7BEA}"
EndProject
Project("{FAE04EC0-301F-11D3-BF4B-00C04F79EFBC}") = "FXJDatabase", "FXJDatabase\FXJDatabase.csproj", "{1D6A8620-8EFC-40ED-9412-AE9F6785CFF1}"
EndProject
Global
	GlobalSection(SolutionConfigurationPlatforms) = preSolution
		Debug|Any CPU = Debug|Any CPU
		Debug|Mixed Platforms = Debug|Mixed Platforms
		Debug|x64 = Debug|x64
		Debug|x86 = Debug|x86
		Release|Any CPU = Release|Any CPU
		Release|Mixed Platforms = Release|Mixed Platforms
		Release|x64 = Release|x64
		Release|x86 = Release|x86
	EndGlobalSection
	GlobalSection(ProjectConfigurationPlatforms) = postSolution
		{F7DABB91-B849-48BD-B2CF-0CFFFEBC1478}.Debug|Any CPU.ActiveCfg = Debug|Any CPU
		{F7DABB91-B849-48BD-B2CF-0CFFFEBC1478}.Debug|Any CPU.Build.0 = Debug|Any CPU
		{F7DABB91-B849-48BD-B2CF-0CFFFEBC1478}.Debug|Mixed Platforms.ActiveCfg = Debug|Any CPU
		{F7DABB91-B849-48BD-B2CF-0CFFFEBC1478}.Debug|Mixed Platforms.Build.0 = Debug|Any CPU
		{F7DABB91-B849-48BD-B2CF-0CFFFEBC1478}.Debug|x64.ActiveCfg = Debug|Any CPU
		{F7DABB91-B849-48BD-B2CF-0CFFFEBC1478}.Debug|x64.Build.0 = Debug|Any CPU
		{F7DABB91-B849-48BD-B2CF-0CFFFEBC1478}.Debug|x86.ActiveCfg = Debug|Any CPU
		{F7DABB91-B849-48BD-B2CF-0CFFFEBC1478}.Release|Any CPU.ActiveCfg = Release|Any CPU
		{F7DABB91-B849-48BD-B2CF-0CFFFEBC1478}.Release|Any CPU.Build.0 = Release|Any CPU
		{F7DABB91-B849-48BD-B2CF-0CFFFEBC1478}.Release|Mixed Platforms.ActiveCfg = Release|Any CPU
		{F7DABB91-B849-48BD-B2CF-0CFFFEBC1478}.Release|Mixed Platforms.Build.0 = Release|Any CPU
		{F7DABB91-B849-48BD-B2CF-0CFFFEBC1478}.Release|x64.ActiveCfg = Release|Any CPU
		{F7DABB91-B849-48BD-B2CF-0CFFFEBC1478}.Release|x64.Build.0 = Release|Any CPU
		{F7DABB91-B849-48BD-B2CF-0CFFFEBC1478}.Release|x86.ActiveCfg = Release|x86
		{F7DABB91-B849-48BD-B2CF-0CFFFEBC1478}.Release|x86.Build.0 = Release|x86
		{178D26DF-C682-42D8-AEAB-C816111B69C6}.Debug|Any CPU.ActiveCfg = Debug|Any CPU
		{178D26DF-C682-42D8-AEAB-C816111B69C6}.Debug|Any CPU.Build.0 = Debug|Any CPU
		{178D26DF-C682-42D8-AEAB-C816111B69C6}.Debug|Mixed Platforms.ActiveCfg = Debug|Any CPU
		{178D26DF-C682-42D8-AEAB-C816111B69C6}.Debug|Mixed Platforms.Build.0 = Debug|Any CPU
		{178D26DF-C682-42D8-AEAB-C816111B69C6}.Debug|x64.ActiveCfg = Debug|Any CPU
		{178D26DF-C682-42D8-AEAB-C816111B69C6}.Debug|x64.Build.0 = Debug|Any CPU
		{178D26DF-C682-42D8-AEAB-C816111B69C6}.Debug|x86.ActiveCfg = Debug|Any CPU
		{178D26DF-C682-42D8-AEAB-C816111B69C6}.Release|Any CPU.ActiveCfg = Release|Any CPU
		{178D26DF-C682-42D8-AEAB-C816111B69C6}.Release|Any CPU.Build.0 = Release|Any CPU
		{178D26DF-C682-42D8-AEAB-C816111B69C6}.Release|Mixed Platforms.ActiveCfg = Release|Any CPU
		{178D26DF-C682-42D8-AEAB-C816111B69C6}.Release|Mixed Platforms.Build.0 = Release|Any CPU
		{178D26DF-C682-42D8-AEAB-C816111B69C6}.Release|x64.ActiveCfg = Release|Any CPU
		{178D26DF-C682-42D8-AEAB-C816111B69C6}.Release|x64.Build.0 = Release|Any CPU
		{178D26DF-C682-42D8-AEAB-C816111B69C6}.Release|x86.ActiveCfg = Release|x86
		{178D26DF-C682-42D8-AEAB-C816111B69C6}.Release|x86.Build.0 = Release|x86
		{7031E95A-CBB5-44AE-AA9A-80211309981F}.Debug|Any CPU.ActiveCfg = Debug|Any CPU
		{7031E95A-CBB5-44AE-AA9A-80211309981F}.Debug|Any CPU.Build.0 = Debug|Any CPU
		{7031E95A-CBB5-44AE-AA9A-80211309981F}.Debug|Mixed Platforms.ActiveCfg = Debug|Any CPU
		{7031E95A-CBB5-44AE-AA9A-80211309981F}.Debug|Mixed Platforms.Build.0 = Debug|Any CPU
		{7031E95A-CBB5-44AE-AA9A-80211309981F}.Debug|x64.ActiveCfg = Debug|Any CPU
		{7031E95A-CBB5-44AE-AA9A-80211309981F}.Debug|x64.Build.0 = Debug|Any CPU
		{7031E95A-CBB5-44AE-AA9A-80211309981F}.Debug|x86.ActiveCfg = Debug|Any CPU
		{7031E95A-CBB5-44AE-AA9A-80211309981F}.Release|Any CPU.ActiveCfg = Release|Any CPU
		{7031E95A-CBB5-44AE-AA9A-80211309981F}.Release|Any CPU.Build.0 = Release|Any CPU
		{7031E95A-CBB5-44AE-AA9A-80211309981F}.Release|Mixed Platforms.ActiveCfg = Release|Any CPU
		{7031E95A-CBB5-44AE-AA9A-80211309981F}.Release|Mixed Platforms.Build.0 = Release|Any CPU
		{7031E95A-CBB5-44AE-AA9A-80211309981F}.Release|x64.ActiveCfg = Release|Any CPU
		{7031E95A-CBB5-44AE-AA9A-80211309981F}.Release|x64.Build.0 = Release|Any CPU
		{7031E95A-CBB5-44AE-AA9A-80211309981F}.Release|x86.ActiveCfg = Release|x86
		{7031E95A-CBB5-44AE-AA9A-80211309981F}.Release|x86.Build.0 = Release|x86
		{8EBCDA91-8A16-46FA-84BD-784982F9EAC8}.Debug|Any CPU.ActiveCfg = Debug|Any CPU
		{8EBCDA91-8A16-46FA-84BD-784982F9EAC8}.Debug|Any CPU.Build.0 = Debug|Any CPU
		{8EBCDA91-8A16-46FA-84BD-784982F9EAC8}.Debug|Mixed Platforms.ActiveCfg = Debug|Any CPU
		{8EBCDA91-8A16-46FA-84BD-784982F9EAC8}.Debug|Mixed Platforms.Build.0 = Debug|Any CPU
		{8EBCDA91-8A16-46FA-84BD-784982F9EAC8}.Debug|x64.ActiveCfg = Debug|Any CPU
		{8EBCDA91-8A16-46FA-84BD-784982F9EAC8}.Debug|x64.Build.0 = Debug|Any CPU
		{8EBCDA91-8A16-46FA-84BD-784982F9EAC8}.Debug|x86.ActiveCfg = Debug|Any CPU
		{8EBCDA91-8A16-46FA-84BD-784982F9EAC8}.Release|Any CPU.ActiveCfg = Release|Any CPU
		{8EBCDA91-8A16-46FA-84BD-784982F9EAC8}.Release|Any CPU.Build.0 = Release|Any CPU
		{8EBCDA91-8A16-46FA-84BD-784982F9EAC8}.Release|Mixed Platforms.ActiveCfg = Release|Any CPU
		{8EBCDA91-8A16-46FA-84BD-784982F9EAC8}.Release|Mixed Platforms.Build.0 = Release|Any CPU
		{8EBCDA91-8A16-46FA-84BD-784982F9EAC8}.Release|x64.ActiveCfg = Release|Any CPU
		{8EBCDA91-8A16-46FA-84BD-784982F9EAC8}.Release|x64.Build.0 = Release|Any CPU
		{8EBCDA91-8A16-46FA-84BD-784982F9EAC8}.Release|x86.ActiveCfg = Release|x86
		{8EBCDA91-8A16-46FA-84BD-784982F9EAC8}.Release|x86.Build.0 = Release|x86
		{F7B5E062-39A2-49A7-9233-21150F3DFB09}.Debug|Any CPU.ActiveCfg = Debug|Any CPU
		{F7B5E062-39A2-49A7-9233-21150F3DFB09}.Debug|Any CPU.Build.0 = Debug|Any CPU
		{F7B5E062-39A2-49A7-9233-21150F3DFB09}.Debug|Mixed Platforms.ActiveCfg = Debug|Any CPU
		{F7B5E062-39A2-49A7-9233-21150F3DFB09}.Debug|Mixed Platforms.Build.0 = Debug|Any CPU
		{F7B5E062-39A2-49A7-9233-21150F3DFB09}.Debug|x64.ActiveCfg = Debug|Any CPU
		{F7B5E062-39A2-49A7-9233-21150F3DFB09}.Debug|x64.Build.0 = Debug|Any CPU
		{F7B5E062-39A2-49A7-9233-21150F3DFB09}.Debug|x86.ActiveCfg = Debug|Any CPU
		{F7B5E062-39A2-49A7-9233-21150F3DFB09}.Release|Any CPU.ActiveCfg = Release|Any CPU
		{F7B5E062-39A2-49A7-9233-21150F3DFB09}.Release|Any CPU.Build.0 = Release|Any CPU
		{F7B5E062-39A2-49A7-9233-21150F3DFB09}.Release|Mixed Platforms.ActiveCfg = Release|Any CPU
		{F7B5E062-39A2-49A7-9233-21150F3DFB09}.Release|Mixed Platforms.Build.0 = Release|Any CPU
		{F7B5E062-39A2-49A7-9233-21150F3DFB09}.Release|x64.ActiveCfg = Release|Any CPU
		{F7B5E062-39A2-49A7-9233-21150F3DFB09}.Release|x64.Build.0 = Release|Any CPU
		{F7B5E062-39A2-49A7-9233-21150F3DFB09}.Release|x86.ActiveCfg = Release|x86
		{F7B5E062-39A2-49A7-9233-21150F3DFB09}.Release|x86.Build.0 = Release|x86
		{F929E2C2-43ED-4D7E-8426-356B0EC3C540}.Debug|Any CPU.ActiveCfg = Debug|Any CPU
		{F929E2C2-43ED-4D7E-8426-356B0EC3C540}.Debug|Any CPU.Build.0 = Debug|Any CPU
		{F929E2C2-43ED-4D7E-8426-356B0EC3C540}.Debug|Mixed Platforms.ActiveCfg = Debug|Any CPU
		{F929E2C2-43ED-4D7E-8426-356B0EC3C540}.Debug|Mixed Platforms.Build.0 = Debug|Any CPU
		{F929E2C2-43ED-4D7E-8426-356B0EC3C540}.Debug|x64.ActiveCfg = Debug|Any CPU
		{F929E2C2-43ED-4D7E-8426-356B0EC3C540}.Debug|x64.Build.0 = Debug|Any CPU
		{F929E2C2-43ED-4D7E-8426-356B0EC3C540}.Debug|x86.ActiveCfg = Debug|Any CPU
		{F929E2C2-43ED-4D7E-8426-356B0EC3C540}.Release|Any CPU.ActiveCfg = Release|Any CPU
		{F929E2C2-43ED-4D7E-8426-356B0EC3C540}.Release|Any CPU.Build.0 = Release|Any CPU
		{F929E2C2-43ED-4D7E-8426-356B0EC3C540}.Release|Mixed Platforms.ActiveCfg = Release|Any CPU
		{F929E2C2-43ED-4D7E-8426-356B0EC3C540}.Release|Mixed Platforms.Build.0 = Release|Any CPU
		{F929E2C2-43ED-4D7E-8426-356B0EC3C540}.Release|x64.ActiveCfg = Release|Any CPU
		{F929E2C2-43ED-4D7E-8426-356B0EC3C540}.Release|x64.Build.0 = Release|Any CPU
		{F929E2C2-43ED-4D7E-8426-356B0EC3C540}.Release|x86.ActiveCfg = Release|x86
		{F929E2C2-43ED-4D7E-8426-356B0EC3C540}.Release|x86.Build.0 = Release|x86
		{7324889C-E198-4959-903A-4D183C356CB3}.Debug|Any CPU.ActiveCfg = Debug|Any CPU
		{7324889C-E198-4959-903A-4D183C356CB3}.Debug|Any CPU.Build.0 = Debug|Any CPU
		{7324889C-E198-4959-903A-4D183C356CB3}.Debug|Mixed Platforms.ActiveCfg = Debug|Any CPU
		{7324889C-E198-4959-903A-4D183C356CB3}.Debug|Mixed Platforms.Build.0 = Debug|Any CPU
		{7324889C-E198-4959-903A-4D183C356CB3}.Debug|x64.ActiveCfg = Debug|Any CPU
		{7324889C-E198-4959-903A-4D183C356CB3}.Debug|x64.Build.0 = Debug|Any CPU
		{7324889C-E198-4959-903A-4D183C356CB3}.Debug|x86.ActiveCfg = Debug|Any CPU
		{7324889C-E198-4959-903A-4D183C356CB3}.Release|Any CPU.ActiveCfg = Release|Any CPU
		{7324889C-E198-4959-903A-4D183C356CB3}.Release|Any CPU.Build.0 = Release|Any CPU
		{7324889C-E198-4959-903A-4D183C356CB3}.Release|Mixed Platforms.ActiveCfg = Release|Any CPU
		{7324889C-E198-4959-903A-4D183C356CB3}.Release|Mixed Platforms.Build.0 = Release|Any CPU
		{7324889C-E198-4959-903A-4D183C356CB3}.Release|x64.ActiveCfg = Release|Any CPU
		{7324889C-E198-4959-903A-4D183C356CB3}.Release|x64.Build.0 = Release|Any CPU
		{7324889C-E198-4959-903A-4D183C356CB3}.Release|x86.ActiveCfg = Release|x86
		{7324889C-E198-4959-903A-4D183C356CB3}.Release|x86.Build.0 = Release|x86
		{856AF4D3-DEC4-4650-B010-B0030CDDA560}.Debug|Any CPU.ActiveCfg = Debug|Any CPU
		{856AF4D3-DEC4-4650-B010-B0030CDDA560}.Debug|Any CPU.Build.0 = Debug|Any CPU
		{856AF4D3-DEC4-4650-B010-B0030CDDA560}.Debug|Mixed Platforms.ActiveCfg = Debug|Any CPU
		{856AF4D3-DEC4-4650-B010-B0030CDDA560}.Debug|Mixed Platforms.Build.0 = Debug|Any CPU
		{856AF4D3-DEC4-4650-B010-B0030CDDA560}.Debug|x64.ActiveCfg = Debug|Any CPU
		{856AF4D3-DEC4-4650-B010-B0030CDDA560}.Debug|x64.Build.0 = Debug|Any CPU
		{856AF4D3-DEC4-4650-B010-B0030CDDA560}.Debug|x86.ActiveCfg = Debug|Any CPU
		{856AF4D3-DEC4-4650-B010-B0030CDDA560}.Release|Any CPU.ActiveCfg = Release|Any CPU
		{856AF4D3-DEC4-4650-B010-B0030CDDA560}.Release|Any CPU.Build.0 = Release|Any CPU
		{856AF4D3-DEC4-4650-B010-B0030CDDA560}.Release|Mixed Platforms.ActiveCfg = Release|Any CPU
		{856AF4D3-DEC4-4650-B010-B0030CDDA560}.Release|Mixed Platforms.Build.0 = Release|Any CPU
		{856AF4D3-DEC4-4650-B010-B0030CDDA560}.Release|x64.ActiveCfg = Release|Any CPU
		{856AF4D3-DEC4-4650-B010-B0030CDDA560}.Release|x64.Build.0 = Release|Any CPU
		{856AF4D3-DEC4-4650-B010-B0030CDDA560}.Release|x86.ActiveCfg = Release|x86
		{856AF4D3-DEC4-4650-B010-B0030CDDA560}.Release|x86.Build.0 = Release|x86
		{2C9E7C14-1ED2-440D-ABF4-DB6052010180}.Debug|Any CPU.ActiveCfg = Debug|Any CPU
		{2C9E7C14-1ED2-440D-ABF4-DB6052010180}.Debug|Any CPU.Build.0 = Debug|Any CPU
		{2C9E7C14-1ED2-440D-ABF4-DB6052010180}.Debug|Mixed Platforms.ActiveCfg = Debug|x86
		{2C9E7C14-1ED2-440D-ABF4-DB6052010180}.Debug|Mixed Platforms.Build.0 = Debug|x86
		{2C9E7C14-1ED2-440D-ABF4-DB6052010180}.Debug|x64.ActiveCfg = Debug|Any CPU
		{2C9E7C14-1ED2-440D-ABF4-DB6052010180}.Debug|x86.ActiveCfg = Debug|x86
		{2C9E7C14-1ED2-440D-ABF4-DB6052010180}.Debug|x86.Build.0 = Debug|x86
		{2C9E7C14-1ED2-440D-ABF4-DB6052010180}.Release|Any CPU.ActiveCfg = Release|Any CPU
		{2C9E7C14-1ED2-440D-ABF4-DB6052010180}.Release|Any CPU.Build.0 = Release|Any CPU
		{2C9E7C14-1ED2-440D-ABF4-DB6052010180}.Release|Mixed Platforms.ActiveCfg = Release|x86
		{2C9E7C14-1ED2-440D-ABF4-DB6052010180}.Release|Mixed Platforms.Build.0 = Release|x86
		{2C9E7C14-1ED2-440D-ABF4-DB6052010180}.Release|x64.ActiveCfg = Release|Any CPU
		{2C9E7C14-1ED2-440D-ABF4-DB6052010180}.Release|x86.ActiveCfg = Release|x86
		{2C9E7C14-1ED2-440D-ABF4-DB6052010180}.Release|x86.Build.0 = Release|x86
		{2E5CE4D5-544D-4753-B174-30D5E9CBEE11}.Debug|Any CPU.ActiveCfg = Debug|Any CPU
		{2E5CE4D5-544D-4753-B174-30D5E9CBEE11}.Debug|Any CPU.Build.0 = Debug|Any CPU
		{2E5CE4D5-544D-4753-B174-30D5E9CBEE11}.Debug|Mixed Platforms.ActiveCfg = Debug|Any CPU
		{2E5CE4D5-544D-4753-B174-30D5E9CBEE11}.Debug|Mixed Platforms.Build.0 = Debug|Any CPU
		{2E5CE4D5-544D-4753-B174-30D5E9CBEE11}.Debug|x64.ActiveCfg = Debug|Any CPU
		{2E5CE4D5-544D-4753-B174-30D5E9CBEE11}.Debug|x86.ActiveCfg = Debug|Any CPU
		{2E5CE4D5-544D-4753-B174-30D5E9CBEE11}.Release|Any CPU.ActiveCfg = Release|Any CPU
		{2E5CE4D5-544D-4753-B174-30D5E9CBEE11}.Release|Any CPU.Build.0 = Release|Any CPU
		{2E5CE4D5-544D-4753-B174-30D5E9CBEE11}.Release|Mixed Platforms.ActiveCfg = Release|Any CPU
		{2E5CE4D5-544D-4753-B174-30D5E9CBEE11}.Release|Mixed Platforms.Build.0 = Release|Any CPU
		{2E5CE4D5-544D-4753-B174-30D5E9CBEE11}.Release|x64.ActiveCfg = Release|Any CPU
		{2E5CE4D5-544D-4753-B174-30D5E9CBEE11}.Release|x86.ActiveCfg = Release|x86
		{2E5CE4D5-544D-4753-B174-30D5E9CBEE11}.Release|x86.Build.0 = Release|x86
		{79C23904-66CA-4595-89C1-24F14A168AE9}.Debug|Any CPU.ActiveCfg = Debug|Any CPU
		{79C23904-66CA-4595-89C1-24F14A168AE9}.Debug|Any CPU.Build.0 = Debug|Any CPU
		{79C23904-66CA-4595-89C1-24F14A168AE9}.Debug|Mixed Platforms.ActiveCfg = Debug|Any CPU
		{79C23904-66CA-4595-89C1-24F14A168AE9}.Debug|Mixed Platforms.Build.0 = Debug|Any CPU
		{79C23904-66CA-4595-89C1-24F14A168AE9}.Debug|x64.ActiveCfg = Debug|Any CPU
		{79C23904-66CA-4595-89C1-24F14A168AE9}.Debug|x86.ActiveCfg = Debug|Any CPU
		{79C23904-66CA-4595-89C1-24F14A168AE9}.Release|Any CPU.ActiveCfg = Release|Any CPU
		{79C23904-66CA-4595-89C1-24F14A168AE9}.Release|Any CPU.Build.0 = Release|Any CPU
		{79C23904-66CA-4595-89C1-24F14A168AE9}.Release|Mixed Platforms.ActiveCfg = Release|Any CPU
		{79C23904-66CA-4595-89C1-24F14A168AE9}.Release|Mixed Platforms.Build.0 = Release|Any CPU
		{79C23904-66CA-4595-89C1-24F14A168AE9}.Release|x64.ActiveCfg = Release|Any CPU
		{79C23904-66CA-4595-89C1-24F14A168AE9}.Release|x86.ActiveCfg = Release|x86
		{79C23904-66CA-4595-89C1-24F14A168AE9}.Release|x86.Build.0 = Release|x86
		{959120C3-FA54-4264-A45E-C4058150216A}.Debug|Any CPU.ActiveCfg = Debug|Any CPU
		{959120C3-FA54-4264-A45E-C4058150216A}.Debug|Any CPU.Build.0 = Debug|Any CPU
		{959120C3-FA54-4264-A45E-C4058150216A}.Debug|Mixed Platforms.ActiveCfg = Debug|Any CPU
		{959120C3-FA54-4264-A45E-C4058150216A}.Debug|Mixed Platforms.Build.0 = Debug|Any CPU
		{959120C3-FA54-4264-A45E-C4058150216A}.Debug|x64.ActiveCfg = Debug|Any CPU
		{959120C3-FA54-4264-A45E-C4058150216A}.Debug|x86.ActiveCfg = Debug|Any CPU
		{959120C3-FA54-4264-A45E-C4058150216A}.Release|Any CPU.ActiveCfg = Release|Any CPU
		{959120C3-FA54-4264-A45E-C4058150216A}.Release|Any CPU.Build.0 = Release|Any CPU
		{959120C3-FA54-4264-A45E-C4058150216A}.Release|Mixed Platforms.ActiveCfg = Release|Any CPU
		{959120C3-FA54-4264-A45E-C4058150216A}.Release|Mixed Platforms.Build.0 = Release|Any CPU
		{959120C3-FA54-4264-A45E-C4058150216A}.Release|x64.ActiveCfg = Release|Any CPU
		{959120C3-FA54-4264-A45E-C4058150216A}.Release|x86.ActiveCfg = Release|x86
		{959120C3-FA54-4264-A45E-C4058150216A}.Release|x86.Build.0 = Release|x86
		{11446B2D-A154-4C50-834F-C064070FEE14}.Debug|Any CPU.ActiveCfg = Debug|Any CPU
		{11446B2D-A154-4C50-834F-C064070FEE14}.Debug|Any CPU.Build.0 = Debug|Any CPU
		{11446B2D-A154-4C50-834F-C064070FEE14}.Debug|Mixed Platforms.ActiveCfg = Debug|Any CPU
		{11446B2D-A154-4C50-834F-C064070FEE14}.Debug|Mixed Platforms.Build.0 = Debug|Any CPU
		{11446B2D-A154-4C50-834F-C064070FEE14}.Debug|x64.ActiveCfg = Debug|Any CPU
		{11446B2D-A154-4C50-834F-C064070FEE14}.Debug|x86.ActiveCfg = Debug|Any CPU
		{11446B2D-A154-4C50-834F-C064070FEE14}.Release|Any CPU.ActiveCfg = Release|Any CPU
		{11446B2D-A154-4C50-834F-C064070FEE14}.Release|Any CPU.Build.0 = Release|Any CPU
		{11446B2D-A154-4C50-834F-C064070FEE14}.Release|Mixed Platforms.ActiveCfg = Release|Any CPU
		{11446B2D-A154-4C50-834F-C064070FEE14}.Release|Mixed Platforms.Build.0 = Release|Any CPU
		{11446B2D-A154-4C50-834F-C064070FEE14}.Release|x64.ActiveCfg = Release|Any CPU
		{11446B2D-A154-4C50-834F-C064070FEE14}.Release|x86.ActiveCfg = Release|x86
		{11446B2D-A154-4C50-834F-C064070FEE14}.Release|x86.Build.0 = Release|x86
		{785AA2AA-CC7E-408B-B61C-2DFB906D1797}.Debug|Any CPU.ActiveCfg = Debug|Any CPU
		{785AA2AA-CC7E-408B-B61C-2DFB906D1797}.Debug|Any CPU.Build.0 = Debug|Any CPU
		{785AA2AA-CC7E-408B-B61C-2DFB906D1797}.Debug|Mixed Platforms.ActiveCfg = Debug|x86
		{785AA2AA-CC7E-408B-B61C-2DFB906D1797}.Debug|Mixed Platforms.Build.0 = Debug|x86
		{785AA2AA-CC7E-408B-B61C-2DFB906D1797}.Debug|x64.ActiveCfg = Debug|Any CPU
		{785AA2AA-CC7E-408B-B61C-2DFB906D1797}.Debug|x86.ActiveCfg = Debug|x86
		{785AA2AA-CC7E-408B-B61C-2DFB906D1797}.Debug|x86.Build.0 = Debug|x86
		{785AA2AA-CC7E-408B-B61C-2DFB906D1797}.Release|Any CPU.ActiveCfg = Release|Any CPU
		{785AA2AA-CC7E-408B-B61C-2DFB906D1797}.Release|Any CPU.Build.0 = Release|Any CPU
		{785AA2AA-CC7E-408B-B61C-2DFB906D1797}.Release|Mixed Platforms.ActiveCfg = Release|x86
		{785AA2AA-CC7E-408B-B61C-2DFB906D1797}.Release|Mixed Platforms.Build.0 = Release|x86
		{785AA2AA-CC7E-408B-B61C-2DFB906D1797}.Release|x64.ActiveCfg = Release|Any CPU
		{785AA2AA-CC7E-408B-B61C-2DFB906D1797}.Release|x86.ActiveCfg = Release|x86
		{785AA2AA-CC7E-408B-B61C-2DFB906D1797}.Release|x86.Build.0 = Release|x86
		{F87116B4-1B95-408B-8506-709C92F7B650}.Debug|Any CPU.ActiveCfg = Debug|Any CPU
		{F87116B4-1B95-408B-8506-709C92F7B650}.Debug|Any CPU.Build.0 = Debug|Any CPU
		{F87116B4-1B95-408B-8506-709C92F7B650}.Debug|Mixed Platforms.ActiveCfg = Debug|x86
		{F87116B4-1B95-408B-8506-709C92F7B650}.Debug|Mixed Platforms.Build.0 = Debug|x86
		{F87116B4-1B95-408B-8506-709C92F7B650}.Debug|x64.ActiveCfg = Debug|Any CPU
		{F87116B4-1B95-408B-8506-709C92F7B650}.Debug|x86.ActiveCfg = Debug|x86
		{F87116B4-1B95-408B-8506-709C92F7B650}.Debug|x86.Build.0 = Debug|x86
		{F87116B4-1B95-408B-8506-709C92F7B650}.Release|Any CPU.ActiveCfg = Release|Any CPU
		{F87116B4-1B95-408B-8506-709C92F7B650}.Release|Any CPU.Build.0 = Release|Any CPU
		{F87116B4-1B95-408B-8506-709C92F7B650}.Release|Mixed Platforms.ActiveCfg = Release|x86
		{F87116B4-1B95-408B-8506-709C92F7B650}.Release|Mixed Platforms.Build.0 = Release|x86
		{F87116B4-1B95-408B-8506-709C92F7B650}.Release|x64.ActiveCfg = Release|Any CPU
		{F87116B4-1B95-408B-8506-709C92F7B650}.Release|x86.ActiveCfg = Release|x86
		{F87116B4-1B95-408B-8506-709C92F7B650}.Release|x86.Build.0 = Release|x86
		{BBF54E56-B32D-4423-992B-0E0325FC1E6D}.Debug|Any CPU.ActiveCfg = Debug|Any CPU
		{BBF54E56-B32D-4423-992B-0E0325FC1E6D}.Debug|Any CPU.Build.0 = Debug|Any CPU
		{BBF54E56-B32D-4423-992B-0E0325FC1E6D}.Debug|Mixed Platforms.ActiveCfg = Debug|Any CPU
		{BBF54E56-B32D-4423-992B-0E0325FC1E6D}.Debug|Mixed Platforms.Build.0 = Debug|Any CPU
		{BBF54E56-B32D-4423-992B-0E0325FC1E6D}.Debug|x64.ActiveCfg = Debug|Any CPU
		{BBF54E56-B32D-4423-992B-0E0325FC1E6D}.Debug|x86.ActiveCfg = Debug|Any CPU
		{BBF54E56-B32D-4423-992B-0E0325FC1E6D}.Release|Any CPU.ActiveCfg = Release|Any CPU
		{BBF54E56-B32D-4423-992B-0E0325FC1E6D}.Release|Any CPU.Build.0 = Release|Any CPU
		{BBF54E56-B32D-4423-992B-0E0325FC1E6D}.Release|Mixed Platforms.ActiveCfg = Release|Any CPU
		{BBF54E56-B32D-4423-992B-0E0325FC1E6D}.Release|Mixed Platforms.Build.0 = Release|Any CPU
		{BBF54E56-B32D-4423-992B-0E0325FC1E6D}.Release|x64.ActiveCfg = Release|Any CPU
		{BBF54E56-B32D-4423-992B-0E0325FC1E6D}.Release|x86.ActiveCfg = Release|x86
		{310C4723-1EDD-40C3-9426-F9BE88234BEE}.Debug|Any CPU.ActiveCfg = Debug|Any CPU
		{310C4723-1EDD-40C3-9426-F9BE88234BEE}.Debug|Any CPU.Build.0 = Debug|Any CPU
		{310C4723-1EDD-40C3-9426-F9BE88234BEE}.Debug|Mixed Platforms.ActiveCfg = Debug|Any CPU
		{310C4723-1EDD-40C3-9426-F9BE88234BEE}.Debug|Mixed Platforms.Build.0 = Debug|Any CPU
		{310C4723-1EDD-40C3-9426-F9BE88234BEE}.Debug|x64.ActiveCfg = Debug|Any CPU
		{310C4723-1EDD-40C3-9426-F9BE88234BEE}.Debug|x86.ActiveCfg = Debug|Any CPU
		{310C4723-1EDD-40C3-9426-F9BE88234BEE}.Release|Any CPU.ActiveCfg = Release|Any CPU
		{310C4723-1EDD-40C3-9426-F9BE88234BEE}.Release|Any CPU.Build.0 = Release|Any CPU
		{310C4723-1EDD-40C3-9426-F9BE88234BEE}.Release|Mixed Platforms.ActiveCfg = Release|Any CPU
		{310C4723-1EDD-40C3-9426-F9BE88234BEE}.Release|Mixed Platforms.Build.0 = Release|Any CPU
		{310C4723-1EDD-40C3-9426-F9BE88234BEE}.Release|x64.ActiveCfg = Release|Any CPU
		{310C4723-1EDD-40C3-9426-F9BE88234BEE}.Release|x86.ActiveCfg = Release|Any CPU
		{C5F63C04-3B10-4FA9-96CA-226C4D405583}.Debug|Any CPU.ActiveCfg = Debug|Any CPU
		{C5F63C04-3B10-4FA9-96CA-226C4D405583}.Debug|Any CPU.Build.0 = Debug|Any CPU
		{C5F63C04-3B10-4FA9-96CA-226C4D405583}.Debug|Mixed Platforms.ActiveCfg = Debug|x86
		{C5F63C04-3B10-4FA9-96CA-226C4D405583}.Debug|Mixed Platforms.Build.0 = Debug|x86
		{C5F63C04-3B10-4FA9-96CA-226C4D405583}.Debug|x64.ActiveCfg = Debug|x64
		{C5F63C04-3B10-4FA9-96CA-226C4D405583}.Debug|x64.Build.0 = Debug|x64
		{C5F63C04-3B10-4FA9-96CA-226C4D405583}.Debug|x86.ActiveCfg = Debug|x86
		{C5F63C04-3B10-4FA9-96CA-226C4D405583}.Debug|x86.Build.0 = Debug|x86
		{C5F63C04-3B10-4FA9-96CA-226C4D405583}.Release|Any CPU.ActiveCfg = Release|Any CPU
		{C5F63C04-3B10-4FA9-96CA-226C4D405583}.Release|Any CPU.Build.0 = Release|Any CPU
		{C5F63C04-3B10-4FA9-96CA-226C4D405583}.Release|Mixed Platforms.ActiveCfg = Release|x86
		{C5F63C04-3B10-4FA9-96CA-226C4D405583}.Release|Mixed Platforms.Build.0 = Release|x86
		{C5F63C04-3B10-4FA9-96CA-226C4D405583}.Release|x64.ActiveCfg = Release|x64
		{C5F63C04-3B10-4FA9-96CA-226C4D405583}.Release|x64.Build.0 = Release|x64
		{C5F63C04-3B10-4FA9-96CA-226C4D405583}.Release|x86.ActiveCfg = Release|x86
		{AE429508-4CB7-499E-88F0-C939496E7BEA}.Debug|Any CPU.ActiveCfg = Debug|Any CPU
		{AE429508-4CB7-499E-88F0-C939496E7BEA}.Debug|Any CPU.Build.0 = Debug|Any CPU
		{AE429508-4CB7-499E-88F0-C939496E7BEA}.Debug|Mixed Platforms.ActiveCfg = Debug|x86
		{AE429508-4CB7-499E-88F0-C939496E7BEA}.Debug|Mixed Platforms.Build.0 = Debug|x86
		{AE429508-4CB7-499E-88F0-C939496E7BEA}.Debug|x64.ActiveCfg = Debug|Any CPU
		{AE429508-4CB7-499E-88F0-C939496E7BEA}.Debug|x86.ActiveCfg = Debug|x86
		{AE429508-4CB7-499E-88F0-C939496E7BEA}.Debug|x86.Build.0 = Debug|x86
		{AE429508-4CB7-499E-88F0-C939496E7BEA}.Release|Any CPU.ActiveCfg = Release|Any CPU
		{AE429508-4CB7-499E-88F0-C939496E7BEA}.Release|Any CPU.Build.0 = Release|Any CPU
		{AE429508-4CB7-499E-88F0-C939496E7BEA}.Release|Mixed Platforms.ActiveCfg = Release|x86
		{AE429508-4CB7-499E-88F0-C939496E7BEA}.Release|Mixed Platforms.Build.0 = Release|x86
		{AE429508-4CB7-499E-88F0-C939496E7BEA}.Release|x64.ActiveCfg = Release|Any CPU
		{AE429508-4CB7-499E-88F0-C939496E7BEA}.Release|x86.ActiveCfg = Release|x86
		{1D6A8620-8EFC-40ED-9412-AE9F6785CFF1}.Debug|Any CPU.ActiveCfg = Debug|Any CPU
		{1D6A8620-8EFC-40ED-9412-AE9F6785CFF1}.Debug|Any CPU.Build.0 = Debug|Any CPU
		{1D6A8620-8EFC-40ED-9412-AE9F6785CFF1}.Debug|Mixed Platforms.ActiveCfg = Debug|Any CPU
		{1D6A8620-8EFC-40ED-9412-AE9F6785CFF1}.Debug|Mixed Platforms.Build.0 = Debug|Any CPU
		{1D6A8620-8EFC-40ED-9412-AE9F6785CFF1}.Debug|x64.ActiveCfg = Debug|Any CPU
		{1D6A8620-8EFC-40ED-9412-AE9F6785CFF1}.Debug|x86.ActiveCfg = Debug|Any CPU
		{1D6A8620-8EFC-40ED-9412-AE9F6785CFF1}.Release|Any CPU.ActiveCfg = Release|Any CPU
		{1D6A8620-8EFC-40ED-9412-AE9F6785CFF1}.Release|Any CPU.Build.0 = Release|Any CPU
		{1D6A8620-8EFC-40ED-9412-AE9F6785CFF1}.Release|Mixed Platforms.ActiveCfg = Release|Any CPU
		{1D6A8620-8EFC-40ED-9412-AE9F6785CFF1}.Release|Mixed Platforms.Build.0 = Release|Any CPU
		{1D6A8620-8EFC-40ED-9412-AE9F6785CFF1}.Release|x64.ActiveCfg = Release|Any CPU
		{1D6A8620-8EFC-40ED-9412-AE9F6785CFF1}.Release|x86.ActiveCfg = Release|Any CPU
	EndGlobalSection
	GlobalSection(SolutionProperties) = preSolution
		HideSolutionNode = FALSE
	EndGlobalSection
	GlobalSection(NestedProjects) = preSolution
		{F7B5E062-39A2-49A7-9233-21150F3DFB09} = {6CA4705D-FB56-4374-9E7E-89CE407FB64E}
		{F929E2C2-43ED-4D7E-8426-356B0EC3C540} = {6CA4705D-FB56-4374-9E7E-89CE407FB64E}
		{7324889C-E198-4959-903A-4D183C356CB3} = {6CA4705D-FB56-4374-9E7E-89CE407FB64E}
		{856AF4D3-DEC4-4650-B010-B0030CDDA560} = {C76E6702-0560-446D-9F27-3CC1779BFFE0}
		{79C23904-66CA-4595-89C1-24F14A168AE9} = {3ED1E968-AE5F-44C9-AA7E-8BF3674022C0}
		{959120C3-FA54-4264-A45E-C4058150216A} = {3ED1E968-AE5F-44C9-AA7E-8BF3674022C0}
		{11446B2D-A154-4C50-834F-C064070FEE14} = {3ED1E968-AE5F-44C9-AA7E-8BF3674022C0}
		{C5F63C04-3B10-4FA9-96CA-226C4D405583} = {AEE78325-6978-48D3-AD4E-07AA26E82652}
		{AE429508-4CB7-499E-88F0-C939496E7BEA} = {AEE78325-6978-48D3-AD4E-07AA26E82652}
	EndGlobalSection
EndGlobal
